# This file is automatically @generated by Cargo.
# It is not intended for manual editing.
[[package]]
name = "bitflags"
version = "1.2.1"
source = "registry+https://github.com/rust-lang/crates.io-index"
checksum = "cf1de2fe8c75bc145a2f577add951f8134889b4795d47466a54a5c846d691693"

[[package]]
name = "cc"
version = "1.0.66"
source = "registry+https://github.com/rust-lang/crates.io-index"
checksum = "4c0496836a84f8d0495758516b8621a622beb77c0fed418570e50764093ced48"

[[package]]
name = "cfg-if"
version = "0.1.10"
source = "registry+https://github.com/rust-lang/crates.io-index"
checksum = "4785bdd1c96b2a846b2bd7cc02e86b6b3dbf14e7e53446c4f54c92a361040822"

[[package]]
name = "cmake"
version = "0.1.45"
source = "registry+https://github.com/rust-lang/crates.io-index"
checksum = "eb6210b637171dfba4cda12e579ac6dc73f5165ad56133e5d72ef3131f320855"
dependencies = [
 "cc",
]

[[package]]
name = "fltk"
version = "0.12.0"
source = "registry+https://github.com/rust-lang/crates.io-index"
checksum = "76f6b02a5eedaf3a8e77133a4e598f4af981d637de847e5ebea2821559a02cae"
dependencies = [
 "bitflags",
 "fltk-derive",
 "fltk-sys",
 "lazy_static",
]

[[package]]
name = "fltk-derive"
version = "0.12.0"
source = "registry+https://github.com/rust-lang/crates.io-index"
checksum = "0e6019a40bbd1af76667d3c60b91620334732454f72e3bc1b0b64559e42fd022"
dependencies = [
 "quote",
 "syn",
]

[[package]]
name = "fltk-sys"
version = "0.12.0"
source = "registry+https://github.com/rust-lang/crates.io-index"
checksum = "986b05d04928df95d39a8c4983185b48421e08f274f615ed815248f4c28d8527"
dependencies = [
 "cmake",
 "libc",
]

[[package]]
name = "fuzzy_search"
version = "0.1.0"
dependencies = [
 "fltk",
 "rand",
]

[[package]]
name = "getrandom"
version = "0.2.0"
source = "registry+https://github.com/rust-lang/crates.io-index"
checksum = "ee8025cf36f917e6a52cce185b7c7177689b838b7ec138364e50cc2277a56cf4"
dependencies = [
 "cfg-if",
 "libc",
 "wasi",
]

[[package]]
name = "lazy_static"
version = "1.4.0"
source = "registry+https://github.com/rust-lang/crates.io-index"
checksum = "e2abad23fbc42b3700f2f279844dc832adb2b2eb069b2df918f455c4e18cc646"

[[package]]
name = "libc"
version = "0.2.81"
source = "registry+https://github.com/rust-lang/crates.io-index"
checksum = "1482821306169ec4d07f6aca392a4681f66c75c9918aa49641a2595db64053cb"

[[package]]
name = "ppv-lite86"
version = "0.2.10"
source = "registry+https://github.com/rust-lang/crates.io-index"
checksum = "ac74c624d6b2d21f425f752262f42188365d7b8ff1aff74c82e45136510a4857"

[[package]]
name = "proc-macro2"
version = "1.0.24"
source = "registry+https://github.com/rust-lang/crates.io-index"
checksum = "1e0704ee1a7e00d7bb417d0770ea303c1bccbabf0ef1667dae92b5967f5f8a71"
dependencies = [
 "unicode-xid",
]

[[package]]
name = "quote"
version = "1.0.8"
source = "registry+https://github.com/rust-lang/crates.io-index"
checksum = "991431c3519a3f36861882da93630ce66b52918dcf1b8e2fd66b397fc96f28df"
dependencies = [
 "proc-macro2",
]

[[package]]
name = "rand"
version = "0.8.0"
source = "registry+https://github.com/rust-lang/crates.io-index"
checksum = "a76330fb486679b4ace3670f117bbc9e16204005c4bde9c4bd372f45bed34f12"
dependencies = [
 "libc",
 "rand_chacha",
 "rand_core",
 "rand_hc",
]

[[package]]
name = "rand_chacha"
version = "0.3.0"
source = "registry+https://github.com/rust-lang/crates.io-index"
checksum = "e12735cf05c9e10bf21534da50a147b924d555dc7a547c42e6bb2d5b6017ae0d"
dependencies = [
 "ppv-lite86",
 "rand_core",
]

[[package]]
name = "rand_core"
version = "0.6.0"
source = "registry+https://github.com/rust-lang/crates.io-index"
checksum = "a8b34ba8cfb21243bd8df91854c830ff0d785fff2e82ebd4434c2644cb9ada18"
dependencies = [
 "getrandom",
]

[[package]]
name = "rand_hc"
version = "0.3.0"
source = "registry+https://github.com/rust-lang/crates.io-index"
checksum = "3190ef7066a446f2e7f42e239d161e905420ccab01eb967c9eb27d21b2322a73"
dependencies = [
 "rand_core",
]

[[package]]
name = "syn"
version = "1.0.55"
source = "registry+https://github.com/rust-lang/crates.io-index"
checksum = "a571a711dddd09019ccc628e1b17fe87c59b09d513c06c026877aa708334f37a"
dependencies = [
 "proc-macro2",
 "quote",
 "unicode-xid",
]

[[package]]
name = "unicode-xid"
version = "0.2.1"
source = "registry+https://github.com/rust-lang/crates.io-index"
checksum = "f7fe0bb3479651439c9112f72b6c505038574c9fbb575ed1bf3b797fa39dd564"

[[package]]
name = "wasi"
version = "0.9.0+wasi-snapshot-preview1"
source = "registry+https://github.com/rust-lang/crates.io-index"
checksum = "cccddf32554fecc6acb585f82a32a72e28b48f8c4c1883ddfeeeaa96f7d8e519"
